// !$*UTF8*$!
{
	archiveVersion = 1;
	classes = {
	};
	objectVersion = 50;
	objects = {

/* Begin PBXBuildFile section */
		8F823DF52286C9D0000FD7AA /* AppDelegate.swift in Sources */ = {isa = PBXBuildFile; fileRef = 8F823DF42286C9D0000FD7AA /* AppDelegate.swift */; };
		8F823DFA2286C9D0000FD7AA /* Main.storyboard in Resources */ = {isa = PBXBuildFile; fileRef = 8F823DF82286C9D0000FD7AA /* Main.storyboard */; };
		8F823DFD2286C9D0000FD7AA /* NGAFaker.xcdatamodeld in Sources */ = {isa = PBXBuildFile; fileRef = 8F823DFB2286C9D0000FD7AA /* NGAFaker.xcdatamodeld */; };
		8F823DFF2286C9D2000FD7AA /* Assets.xcassets in Resources */ = {isa = PBXBuildFile; fileRef = 8F823DFE2286C9D2000FD7AA /* Assets.xcassets */; };
		8F823E022286C9D2000FD7AA /* LaunchScreen.storyboard in Resources */ = {isa = PBXBuildFile; fileRef = 8F823E002286C9D2000FD7AA /* LaunchScreen.storyboard */; };
		8F823E0A2286CB72000FD7AA /* postTableViewCell.swift in Sources */ = {isa = PBXBuildFile; fileRef = 8F823E092286CB72000FD7AA /* postTableViewCell.swift */; };
		8F823E0C2286CF12000FD7AA /* README.md in Resources */ = {isa = PBXBuildFile; fileRef = 8F823E0B2286CF12000FD7AA /* README.md */; };
		8F823E0E22870FA6000FD7AA /* NGAPost.swift in Sources */ = {isa = PBXBuildFile; fileRef = 8F823E0D22870FA6000FD7AA /* NGAPost.swift */; };
		8F823E1222871655000FD7AA /* postsTableViewController.swift in Sources */ = {isa = PBXBuildFile; fileRef = 8F823E1122871655000FD7AA /* postsTableViewController.swift */; };
		8F823E14228721B0000FD7AA /* detailsTableViewController.swift in Sources */ = {isa = PBXBuildFile; fileRef = 8F823E13228721B0000FD7AA /* detailsTableViewController.swift */; };
/* End PBXBuildFile section */

/* Begin PBXFileReference section */
		8F823DF12286C9D0000FD7AA /* NGAFaker.app */ = {isa = PBXFileReference; explicitFileType = wrapper.application; includeInIndex = 0; path = NGAFaker.app; sourceTree = BUILT_PRODUCTS_DIR; };
		8F823DF42286C9D0000FD7AA /* AppDelegate.swift */ = {isa = PBXFileReference; lastKnownFileType = sourcecode.swift; path = AppDelegate.swift; sourceTree = "<group>"; };
		8F823DF92286C9D0000FD7AA /* Base */ = {isa = PBXFileReference; lastKnownFileType = file.storyboard; name = Base; path = Base.lproj/Main.storyboard; sourceTree = "<group>"; };
		8F823DFC2286C9D0000FD7AA /* NGAFaker.xcdatamodel */ = {isa = PBXFileReference; lastKnownFileType = wrapper.xcdatamodel; path = NGAFaker.xcdatamodel; sourceTree = "<group>"; };
		8F823DFE2286C9D2000FD7AA /* Assets.xcassets */ = {isa = PBXFileReference; lastKnownFileType = folder.assetcatalog; path = Assets.xcassets; sourceTree = "<group>"; };
		8F823E012286C9D2000FD7AA /* Base */ = {isa = PBXFileReference; lastKnownFileType = file.storyboard; name = Base; path = Base.lproj/LaunchScreen.storyboard; sourceTree = "<group>"; };
		8F823E032286C9D2000FD7AA /* Info.plist */ = {isa = PBXFileReference; lastKnownFileType = text.plist.xml; path = Info.plist; sourceTree = "<group>"; };
		8F823E092286CB72000FD7AA /* postTableViewCell.swift */ = {isa = PBXFileReference; lastKnownFileType = sourcecode.swift; path = postTableViewCell.swift; sourceTree = "<group>"; };
		8F823E0B2286CF12000FD7AA /* README.md */ = {isa = PBXFileReference; fileEncoding = 4; lastKnownFileType = net.daringfireball.markdown; path = README.md; sourceTree = SOURCE_ROOT; };
		8F823E0D22870FA6000FD7AA /* NGAPost.swift */ = {isa = PBXFileReference; lastKnownFileType = sourcecode.swift; path = NGAPost.swift; sourceTree = "<group>"; };
		8F823E1122871655000FD7AA /* postsTableViewController.swift */ = {isa = PBXFileReference; fileEncoding = 4; lastKnownFileType = sourcecode.swift; path = postsTableViewController.swift; sourceTree = "<group>"; };
		8F823E13228721B0000FD7AA /* detailsTableViewController.swift */ = {isa = PBXFileReference; lastKnownFileType = sourcecode.swift; path = detailsTableViewController.swift; sourceTree = "<group>"; };
/* End PBXFileReference section */

/* Begin PBXFrameworksBuildPhase section */
		8F823DEE2286C9D0000FD7AA /* Frameworks */ = {
			isa = PBXFrameworksBuildPhase;
			buildActionMask = 2147483647;
			files = (
			);
			runOnlyForDeploymentPostprocessing = 0;
		};
/* End PBXFrameworksBuildPhase section */

/* Begin PBXGroup section */
		8F823DE82286C9D0000FD7AA = {
			isa = PBXGroup;
			children = (
				8F823DF32286C9D0000FD7AA /* NGAFaker */,
				8F823DF22286C9D0000FD7AA /* Products */,
			);
			sourceTree = "<group>";
		};
		8F823DF22286C9D0000FD7AA /* Products */ = {
			isa = PBXGroup;
			children = (
				8F823DF12286C9D0000FD7AA /* NGAFaker.app */,
			);
			name = Products;
			sourceTree = "<group>";
		};
		8F823DF32286C9D0000FD7AA /* NGAFaker */ = {
			isa = PBXGroup;
			children = (
				8F823DF42286C9D0000FD7AA /* AppDelegate.swift */,
				8F823E0D22870FA6000FD7AA /* NGAPost.swift */,
				8F823DF82286C9D0000FD7AA /* Main.storyboard */,
				8F823E092286CB72000FD7AA /* postTableViewCell.swift */,
				8F823E1122871655000FD7AA /* postsTableViewController.swift */,
				8F823E13228721B0000FD7AA /* detailsTableViewController.swift */,
				8F823DFE2286C9D2000FD7AA /* Assets.xcassets */,
				8F823E002286C9D2000FD7AA /* LaunchScreen.storyboard */,
				8F823E032286C9D2000FD7AA /* Info.plist */,
				8F823DFB2286C9D0000FD7AA /* NGAFaker.xcdatamodeld */,
				8F823E0B2286CF12000FD7AA /* README.md */,
			);
			path = NGAFaker;
			sourceTree = "<group>";
		};
/* End PBXGroup section */

/* Begin PBXNativeTarget section */
		8F823DF02286C9D0000FD7AA /* NGAFaker */ = {
			isa = PBXNativeTarget;
			buildConfigurationList = 8F823E062286C9D2000FD7AA /* Build configuration list for PBXNativeTarget "NGAFaker" */;
			buildPhases = (
				8F823DED2286C9D0000FD7AA /* Sources */,
				8F823DEE2286C9D0000FD7AA /* Frameworks */,
				8F823DEF2286C9D0000FD7AA /* Resources */,
			);
			buildRules = (
			);
			dependencies = (
			);
			name = NGAFaker;
			productName = NGAFaker;
			productReference = 8F823DF12286C9D0000FD7AA /* NGAFaker.app */;
			productType = "com.apple.product-type.application";
		};
/* End PBXNativeTarget section */

/* Begin PBXProject section */
		8F823DE92286C9D0000FD7AA /* Project object */ = {
			isa = PBXProject;
			attributes = {
				LastSwiftUpdateCheck = 1020;
				LastUpgradeCheck = 1020;
				ORGANIZATIONNAME = TinyLiu;
				TargetAttributes = {
					8F823DF02286C9D0000FD7AA = {
						CreatedOnToolsVersion = 10.2.1;
					};
				};
			};
			buildConfigurationList = 8F823DEC2286C9D0000FD7AA /* Build configuration list for PBXProject "NGAFaker" */;
			compatibilityVersion = "Xcode 9.3";
			developmentRegion = en;
			hasScannedForEncodings = 0;
			knownRegions = (
				en,
				Base,
			);
			mainGroup = 8F823DE82286C9D0000FD7AA;
			productRefGroup = 8F823DF22286C9D0000FD7AA /* Products */;
			projectDirPath = "";
			projectRoot = "";
			targets = (
				8F823DF02286C9D0000FD7AA /* NGAFaker */,
			);
		};
/* End PBXProject section */

/* Begin PBXResourcesBuildPhase section */
		8F823DEF2286C9D0000FD7AA /* Resources */ = {
			isa = PBXResourcesBuildPhase;
			buildActionMask = 2147483647;
			files = (
				8F823E022286C9D2000FD7AA /* LaunchScreen.storyboard in Resources */,
				8F823DFF2286C9D2000FD7AA /* Assets.xcassets in Resources */,
				8F823E0C2286CF12000FD7AA /* README.md in Resources */,
				8F823DFA2286C9D0000FD7AA /* Main.storyboard in Resources */,
			);
			runOnlyForDeploymentPostprocessing = 0;
		};
/* End PBXResourcesBuildPhase section */

/* Begin PBXSourcesBuildPhase section */
		8F823DED2286C9D0000FD7AA /* Sources */ = {
			isa = PBXSourcesBuildPhase;
			buildActionMask = 2147483647;
			files = (
				8F823E14228721B0000FD7AA /* detailsTableViewController.swift in Sources */,
				8F823DFD2286C9D0000FD7AA /* NGAFaker.xcdatamodeld in Sources */,
				8F823E1222871655000FD7AA /* postsTableViewController.swift in Sources */,
				8F823E0E22870FA6000FD7AA /* NGAPost.swift in Sources */,
				8F823DF52286C9D0000FD7AA /* AppDelegate.swift in Sources */,
				8F823E0A2286CB72000FD7AA /* postTableViewCell.swift in Sources */,
			);
			runOnlyForDeploymentPostprocessing = 0;
		};
/* End PBXSourcesBuildPhase section */

/* Begin PBXVariantGroup section */
		8F823DF82286C9D0000FD7AA /* Main.storyboard */ = {
			isa = PBXVariantGroup;
			children = (
				8F823DF92286C9D0000FD7AA /* Base */,
			);
			name = Main.storyboard;
			sourceTree = "<group>";
		};
		8F823E002286C9D2000FD7AA /* LaunchScreen.storyboard */ = {
			isa = PBXVariantGroup;
			children = (
				8F823E012286C9D2000FD7AA /* Base */,
			);
			name = LaunchScreen.storyboard;
			sourceTree = "<group>";
		};
/* End PBXVariantGroup section */

/* Begin XCBuildConfiguration section */
		8F823E042286C9D2000FD7AA /* Debug */ = {
			isa = XCBuildConfiguration;
			buildSettings = {
				ALWAYS_SEARCH_USER_PATHS = NO;
				CLANG_ANALYZER_NONNULL = YES;
				CLANG_ANALYZER_NUMBER_OBJECT_CONVERSION = YES_AGGRESSIVE;
				CLANG_CXX_LANGUAGE_STANDARD = "gnu++14";
				CLANG_CXX_LIBRARY = "libc++";
				CLANG_ENABLE_MODULES = YES;
				CLANG_ENABLE_OBJC_ARC = YES;
				CLANG_ENABLE_OBJC_WEAK = YES;
				CLANG_WARN_BLOCK_CAPTURE_AUTORELEASING = YES;
				CLANG_WARN_BOOL_CONVERSION = YES;
				CLANG_WARN_COMMA = YES;
				CLANG_WARN_CONSTANT_CONVERSION = YES;
				CLANG_WARN_DEPRECATED_OBJC_IMPLEMENTATIONS = YES;
				CLANG_WARN_DIRECT_OBJC_ISA_USAGE = YES_ERROR;
				CLANG_WARN_DOCUMENTATION_COMMENTS = YES;
				CLANG_WARN_EMPTY_BODY = YES;
				CLANG_WARN_ENUM_CONVERSION = YES;
				CLANG_WARN_INFINITE_RECURSION = YES;
				CLANG_WARN_INT_CONVERSION = YES;
				CLANG_WARN_NON_LITERAL_NULL_CONVERSION = YES;
				CLANG_WARN_OBJC_IMPLICIT_RETAIN_SELF = YES;
				CLANG_WARN_OBJC_LITERAL_CONVERSION = YES;
				CLANG_WARN_OBJC_ROOT_CLASS = YES_ERROR;
				CLANG_WARN_RANGE_LOOP_ANALYSIS = YES;
				CLANG_WARN_STRICT_PROTOTYPES = YES;
				CLANG_WARN_SUSPICIOUS_MOVE = YES;
				CLANG_WARN_UNGUARDED_AVAILABILITY = YES_AGGRESSIVE;
				CLANG_WARN_UNREACHABLE_CODE = YES;
				CLANG_WARN__DUPLICATE_METHOD_MATCH = YES;
				CODE_SIGN_IDENTITY = "iPhone Developer";
				COPY_PHASE_STRIP = NO;
				DEBUG_INFORMATION_FORMAT = dwarf;
				ENABLE_STRICT_OBJC_MSGSEND = YES;
				ENABLE_TESTABILITY = YES;
				GCC_C_LANGUAGE_STANDARD = gnu11;
				GCC_DYNAMIC_NO_PIC = NO;
				GCC_NO_COMMON_BLOCKS = YES;
				GCC_OPTIMIZATION_LEVEL = 0;
				GCC_PREPROCESSOR_DEFINITIONS = (
					"DEBUG=1",
					"$(inherited)",
				);
				GCC_WARN_64_TO_32_BIT_CONVERSION = YES;
				GCC_WARN_ABOUT_RETURN_TYPE = YES_ERROR;
				GCC_WARN_UNDECLARED_SELECTOR = YES;
				GCC_WARN_UNINITIALIZED_AUTOS = YES_AGGRESSIVE;
				GCC_WARN_UNUSED_FUNCTION = YES;
				GCC_WARN_UNUSED_VARIABLE = YES;
				IPHONEOS_DEPLOYMENT_TARGET = 12.2;
				MTL_ENABLE_DEBUG_INFO = INCLUDE_SOURCE;
				MTL_FAST_MATH = YES;
				ONLY_ACTIVE_ARCH = YES;
				SDKROOT = iphoneos;
				SWIFT_ACTIVE_COMPILATION_CONDITIONS = DEBUG;
				SWIFT_OPTIMIZATION_LEVEL = "-Onone";
			};
			name = Debug;
		};
		8F823E052286C9D2000FD7AA /* Release */ = {
			isa = XCBuildConfiguration;
			buildSettings = {
				ALWAYS_SEARCH_USER_PATHS = NO;
				CLANG_ANALYZER_NONNULL = YES;
				CLANG_ANALYZER_NUMBER_OBJECT_CONVERSION = YES_AGGRESSIVE;
				CLANG_CXX_LANGUAGE_STANDARD = "gnu++14";
				CLANG_CXX_LIBRARY = "libc++";
				CLANG_ENABLE_MODULES = YES;
				CLANG_ENABLE_OBJC_ARC = YES;
				CLANG_ENABLE_OBJC_WEAK = YES;
				CLANG_WARN_BLOCK_CAPTURE_AUTORELEASING = YES;
				CLANG_WARN_BOOL_CONVERSION = YES;
				CLANG_WARN_COMMA = YES;
				CLANG_WARN_CONSTANT_CONVERSION = YES;
				CLANG_WARN_DEPRECATED_OBJC_IMPLEMENTATIONS = YES;
				CLANG_WARN_DIRECT_OBJC_ISA_USAGE = YES_ERROR;
				CLANG_WARN_DOCUMENTATION_COMMENTS = YES;
				CLANG_WARN_EMPTY_BODY = YES;
				CLANG_WARN_ENUM_CONVERSION = YES;
				CLANG_WARN_INFINITE_RECURSION = YES;
				CLANG_WARN_INT_CONVERSION = YES;
				CLANG_WARN_NON_LITERAL_NULL_CONVERSION = YES;
				CLANG_WARN_OBJC_IMPLICIT_RETAIN_SELF = YES;
				CLANG_WARN_OBJC_LITERAL_CONVERSION = YES;
				CLANG_WARN_OBJC_ROOT_CLASS = YES_ERROR;
				CLANG_WARN_RANGE_LOOP_ANALYSIS = YES;
				CLANG_WARN_STRICT_PROTOTYPES = YES;
				CLANG_WARN_SUSPICIOUS_MOVE = YES;
				CLANG_WARN_UNGUARDED_AVAILABILITY = YES_AGGRESSIVE;
				CLANG_WARN_UNREACHABLE_CODE = YES;
				CLANG_WARN__DUPLICATE_METHOD_MATCH = YES;
				CODE_SIGN_IDENTITY = "iPhone Developer";
				COPY_PHASE_STRIP = NO;
				DEBUG_INFORMATION_FORMAT = "dwarf-with-dsym";
				ENABLE_NS_ASSERTIONS = NO;
				ENABLE_STRICT_OBJC_MSGSEND = YES;
				GCC_C_LANGUAGE_STANDARD = gnu11;
				GCC_NO_COMMON_BLOCKS = YES;
				GCC_WARN_64_TO_32_BIT_CONVERSION = YES;
				GCC_WARN_ABOUT_RETURN_TYPE = YES_ERROR;
				GCC_WARN_UNDECLARED_SELECTOR = YES;
				GCC_WARN_UNINITIALIZED_AUTOS = YES_AGGRESSIVE;
				GCC_WARN_UNUSED_FUNCTION = YES;
				GCC_WARN_UNUSED_VARIABLE = YES;
				IPHONEOS_DEPLOYMENT_TARGET = 12.2;
				MTL_ENABLE_DEBUG_INFO = NO;
				MTL_FAST_MATH = YES;
				SDKROOT = iphoneos;
				SWIFT_COMPILATION_MODE = wholemodule;
				SWIFT_OPTIMIZATION_LEVEL = "-O";
				VALIDATE_PRODUCT = YES;
			};
			name = Release;
		};
		8F823E072286C9D2000FD7AA /* Debug */ = {
			isa = XCBuildConfiguration;
			buildSettings = {
				ASSETCATALOG_COMPILER_APPICON_NAME = AppIcon;
				CODE_SIGN_STYLE = Automatic;
				DEVELOPMENT_TEAM = HD4P3ZYL66;
				INFOPLIST_FILE = NGAFaker/Info.plist;
				LD_RUNPATH_SEARCH_PATHS = (
					"$(inherited)",
					"@executable_path/Frameworks",
				);
				PRODUCT_BUNDLE_IDENTIFIER = Tiny.NGAFaker;
				PRODUCT_NAME = "$(TARGET_NAME)";
				SWIFT_VERSION = 5.0;
				TARGETED_DEVICE_FAMILY = "1,2";
			};
			name = Debug;
		};
		8F823E082286C9D2000FD7AA /* Release */ = {
			isa = XCBuildConfiguration;
			buildSettings = {
				ASSETCATALOG_COMPILER_APPICON_NAME = AppIcon;
				CODE_SIGN_STYLE = Automatic;
				DEVELOPMENT_TEAM = HD4P3ZYL66;
				INFOPLIST_FILE = NGAFaker/Info.plist;
				LD_RUNPATH_SEARCH_PATHS = (
					"$(inherited)",
					"@executable_path/Frameworks",
				);
				PRODUCT_BUNDLE_IDENTIFIER = Tiny.NGAFaker;
				PRODUCT_NAME = "$(TARGET_NAME)";
				SWIFT_VERSION = 5.0;
				TARGETED_DEVICE_FAMILY = "1,2";
			};
			name = Release;
		};
/* End XCBuildConfiguration section */

/* Begin XCConfigurationList section */
		8F823DEC2286C9D0000FD7AA /* Build configuration list for PBXProject "NGAFaker" */ = {
			isa = XCConfigurationList;
			buildConfigurations = (
				8F823E042286C9D2000FD7AA /* Debug */,
				8F823E052286C9D2000FD7AA /* Release */,
			);
			defaultConfigurationIsVisible = 0;
			defaultConfigurationName = Release;
		};
		8F823E062286C9D2000FD7AA /* Build configuration list for PBXNativeTarget "NGAFaker" */ = {
			isa = XCConfigurationList;
			buildConfigurations = (
				8F823E072286C9D2000FD7AA /* Debug */,
				8F823E082286C9D2000FD7AA /* Release */,
			);
			defaultConfigurationIsVisible = 0;
			defaultConfigurationName = Release;
		};
/* End XCConfigurationList section */

/* Begin XCVersionGroup section */
		8F823DFB2286C9D0000FD7AA /* NGAFaker.xcdatamodeld */ = {
			isa = XCVersionGroup;
			children = (
				8F823DFC2286C9D0000FD7AA /* NGAFaker.xcdatamodel */,
			);
			currentVersion = 8F823DFC2286C9D0000FD7AA /* NGAFaker.xcdatamodel */;
			path = NGAFaker.xcdatamodeld;
			sourceTree = "<group>";
			versionGroupType = wrapper.xcdatamodel;
		};
/* End XCVersionGroup section */
	};
	rootObject = 8F823DE92286C9D0000FD7AA /* Project object */;
}
